// !$*UTF8*$!
{
	archiveVersion = 1;
	classes = {
	};
	objectVersion = 56;
	objects = {

/* Begin PBXBuildFile section */
		0C67E69EB0396D721E3A6BD6 /* Pods_CDSE_IT_Project.framework in Frameworks */ = {isa = PBXBuildFile; fileRef = C702FF92172CB0B35F1DB4B3 /* Pods_CDSE_IT_Project.framework */; };
		8F09208E93EA1C603598800F /* Pods_CDSE_IT_Project_CDSE_IT_ProjectUITests.framework in Frameworks */ = {isa = PBXBuildFile; fileRef = 12048D304261CD36B4EC67AE /* Pods_CDSE_IT_Project_CDSE_IT_ProjectUITests.framework */; };
		9529C4082AB2EDDC00623654 /* AppDelegate.swift in Sources */ = {isa = PBXBuildFile; fileRef = 9529C4072AB2EDDC00623654 /* AppDelegate.swift */; };
		9529C40A2AB2EDDC00623654 /* SceneDelegate.swift in Sources */ = {isa = PBXBuildFile; fileRef = 9529C4092AB2EDDC00623654 /* SceneDelegate.swift */; };
		9529C40C2AB2EDDC00623654 /* ViewController.swift in Sources */ = {isa = PBXBuildFile; fileRef = 9529C40B2AB2EDDC00623654 /* ViewController.swift */; };
		9529C40F2AB2EDDC00623654 /* Main.storyboard in Resources */ = {isa = PBXBuildFile; fileRef = 9529C40D2AB2EDDC00623654 /* Main.storyboard */; };
		9529C4142AB2EDDE00623654 /* Assets.xcassets in Resources */ = {isa = PBXBuildFile; fileRef = 9529C4132AB2EDDE00623654 /* Assets.xcassets */; };
		9529C4172AB2EDDE00623654 /* LaunchScreen.storyboard in Resources */ = {isa = PBXBuildFile; fileRef = 9529C4152AB2EDDE00623654 /* LaunchScreen.storyboard */; };
		9529C4222AB2EDDE00623654 /* CDSE_IT_ProjectTests.swift in Sources */ = {isa = PBXBuildFile; fileRef = 9529C4212AB2EDDE00623654 /* CDSE_IT_ProjectTests.swift */; };
		9529C42C2AB2EDDE00623654 /* CDSE_IT_ProjectUITests.swift in Sources */ = {isa = PBXBuildFile; fileRef = 9529C42B2AB2EDDE00623654 /* CDSE_IT_ProjectUITests.swift */; };
		9529C42E2AB2EDDE00623654 /* CDSE_IT_ProjectUITestsLaunchTests.swift in Sources */ = {isa = PBXBuildFile; fileRef = 9529C42D2AB2EDDE00623654 /* CDSE_IT_ProjectUITestsLaunchTests.swift */; };
		9529C43B2AB2EE6700623654 /* GoogleService-Info.plist in Resources */ = {isa = PBXBuildFile; fileRef = 9529C43A2AB2EE6700623654 /* GoogleService-Info.plist */; };
		9529C43E2AB2FC4F00623654 /* FirebaseManager.swift in Sources */ = {isa = PBXBuildFile; fileRef = 9529C43D2AB2FC4F00623654 /* FirebaseManager.swift */; };
		9529C4412AB2FCE600623654 /* EmployeeModel.swift in Sources */ = {isa = PBXBuildFile; fileRef = 9529C4402AB2FCE600623654 /* EmployeeModel.swift */; };
		9529C4442AB32EA600623654 /* DatabaseManager.swift in Sources */ = {isa = PBXBuildFile; fileRef = 9529C4432AB32EA600623654 /* DatabaseManager.swift */; };
		953E10842AB6D5520028F587 /* EmployeesRecordVC.swift in Sources */ = {isa = PBXBuildFile; fileRef = 953E10832AB6D5520028F587 /* EmployeesRecordVC.swift */; };
		955417FC2AB77650003CEDEC /* DepartmentEntity+CoreDataClass.swift in Sources */ = {isa = PBXBuildFile; fileRef = 955417F02AB77650003CEDEC /* DepartmentEntity+CoreDataClass.swift */; };
		955417FD2AB77650003CEDEC /* DepartmentEntity+CoreDataProperties.swift in Sources */ = {isa = PBXBuildFile; fileRef = 955417F12AB77650003CEDEC /* DepartmentEntity+CoreDataProperties.swift */; };
		955417FE2AB77650003CEDEC /* DepartmentManagerEntity+CoreDataClass.swift in Sources */ = {isa = PBXBuildFile; fileRef = 955417F22AB77650003CEDEC /* DepartmentManagerEntity+CoreDataClass.swift */; };
		955417FF2AB77650003CEDEC /* DepartmentManagerEntity+CoreDataProperties.swift in Sources */ = {isa = PBXBuildFile; fileRef = 955417F32AB77650003CEDEC /* DepartmentManagerEntity+CoreDataProperties.swift */; };
		955418002AB77650003CEDEC /* EmployeeEntity+CoreDataClass.swift in Sources */ = {isa = PBXBuildFile; fileRef = 955417F42AB77650003CEDEC /* EmployeeEntity+CoreDataClass.swift */; };
		955418012AB77650003CEDEC /* EmployeeEntity+CoreDataProperties.swift in Sources */ = {isa = PBXBuildFile; fileRef = 955417F52AB77650003CEDEC /* EmployeeEntity+CoreDataProperties.swift */; };
		955418022AB77650003CEDEC /* TitleEntity+CoreDataClass.swift in Sources */ = {isa = PBXBuildFile; fileRef = 955417F62AB77650003CEDEC /* TitleEntity+CoreDataClass.swift */; };
		955418032AB77650003CEDEC /* TitleEntity+CoreDataProperties.swift in Sources */ = {isa = PBXBuildFile; fileRef = 955417F72AB77650003CEDEC /* TitleEntity+CoreDataProperties.swift */; };
		955418042AB77650003CEDEC /* EmployeeDepartmentEntity+CoreDataClass.swift in Sources */ = {isa = PBXBuildFile; fileRef = 955417F82AB77650003CEDEC /* EmployeeDepartmentEntity+CoreDataClass.swift */; };
		955418052AB77650003CEDEC /* EmployeeDepartmentEntity+CoreDataProperties.swift in Sources */ = {isa = PBXBuildFile; fileRef = 955417F92AB77650003CEDEC /* EmployeeDepartmentEntity+CoreDataProperties.swift */; };
		955418062AB77650003CEDEC /* SalaryEntity+CoreDataClass.swift in Sources */ = {isa = PBXBuildFile; fileRef = 955417FA2AB77650003CEDEC /* SalaryEntity+CoreDataClass.swift */; };
		955418072AB77650003CEDEC /* SalaryEntity+CoreDataProperties.swift in Sources */ = {isa = PBXBuildFile; fileRef = 955417FB2AB77650003CEDEC /* SalaryEntity+CoreDataProperties.swift */; };
		955418082AB778A3003CEDEC /* CDSE_IT_Project.xcdatamodeld in Resources */ = {isa = PBXBuildFile; fileRef = 9529C4102AB2EDDC00623654 /* CDSE_IT_Project.xcdatamodeld */; };
		9554180B2AB7ADBA003CEDEC /* DateExtension.swift in Sources */ = {isa = PBXBuildFile; fileRef = 9554180A2AB7ADBA003CEDEC /* DateExtension.swift */; };
		9554180D2AB8875B003CEDEC /* ActivityIndicator.swift in Sources */ = {isa = PBXBuildFile; fileRef = 9554180C2AB8875B003CEDEC /* ActivityIndicator.swift */; };
		9554180F2AB8B004003CEDEC /* AlertHelper.swift in Sources */ = {isa = PBXBuildFile; fileRef = 9554180E2AB8B004003CEDEC /* AlertHelper.swift */; };
		955418112AB8B018003CEDEC /* Reachability.swift in Sources */ = {isa = PBXBuildFile; fileRef = 955418102AB8B018003CEDEC /* Reachability.swift */; };
		95FC68D92AB91B9A004D2CD8 /* TopController.swift in Sources */ = {isa = PBXBuildFile; fileRef = 95FC68D82AB91B9A004D2CD8 /* TopController.swift */; };
		9C06224E66CCAA730BD08690 /* Pods_CDSE_IT_ProjectTests.framework in Frameworks */ = {isa = PBXBuildFile; fileRef = 6FB3231A85240FBD012888FC /* Pods_CDSE_IT_ProjectTests.framework */; };
/* End PBXBuildFile section */

/* Begin PBXContainerItemProxy section */
		9529C41E2AB2EDDE00623654 /* PBXContainerItemProxy */ = {
			isa = PBXContainerItemProxy;
			containerPortal = 9529C3FC2AB2EDDC00623654 /* Project object */;
			proxyType = 1;
			remoteGlobalIDString = 9529C4032AB2EDDC00623654;
			remoteInfo = "CDSE-IT Project";
		};
		9529C4282AB2EDDE00623654 /* PBXContainerItemProxy */ = {
			isa = PBXContainerItemProxy;
			containerPortal = 9529C3FC2AB2EDDC00623654 /* Project object */;
			proxyType = 1;
			remoteGlobalIDString = 9529C4032AB2EDDC00623654;
			remoteInfo = "CDSE-IT Project";
		};
/* End PBXContainerItemProxy section */

/* Begin PBXFileReference section */
		12048D304261CD36B4EC67AE /* Pods_CDSE_IT_Project_CDSE_IT_ProjectUITests.framework */ = {isa = PBXFileReference; explicitFileType = wrapper.framework; includeInIndex = 0; path = Pods_CDSE_IT_Project_CDSE_IT_ProjectUITests.framework; sourceTree = BUILT_PRODUCTS_DIR; };
		41BDCF7C661A854DC19BA650 /* Pods-CDSE-IT Project.release.xcconfig */ = {isa = PBXFileReference; includeInIndex = 1; lastKnownFileType = text.xcconfig; name = "Pods-CDSE-IT Project.release.xcconfig"; path = "Target Support Files/Pods-CDSE-IT Project/Pods-CDSE-IT Project.release.xcconfig"; sourceTree = "<group>"; };
		6446CEBBFBFF6DC08C1D4806 /* Pods-CDSE-IT Project.debug.xcconfig */ = {isa = PBXFileReference; includeInIndex = 1; lastKnownFileType = text.xcconfig; name = "Pods-CDSE-IT Project.debug.xcconfig"; path = "Target Support Files/Pods-CDSE-IT Project/Pods-CDSE-IT Project.debug.xcconfig"; sourceTree = "<group>"; };
		6EA0AF8C6FA0061AB0BC702D /* Pods-CDSE-IT Project-CDSE-IT ProjectUITests.debug.xcconfig */ = {isa = PBXFileReference; includeInIndex = 1; lastKnownFileType = text.xcconfig; name = "Pods-CDSE-IT Project-CDSE-IT ProjectUITests.debug.xcconfig"; path = "Target Support Files/Pods-CDSE-IT Project-CDSE-IT ProjectUITests/Pods-CDSE-IT Project-CDSE-IT ProjectUITests.debug.xcconfig"; sourceTree = "<group>"; };
		6FB3231A85240FBD012888FC /* Pods_CDSE_IT_ProjectTests.framework */ = {isa = PBXFileReference; explicitFileType = wrapper.framework; includeInIndex = 0; path = Pods_CDSE_IT_ProjectTests.framework; sourceTree = BUILT_PRODUCTS_DIR; };
		823C6A259A58F80FDE03F28C /* Pods-CDSE-IT ProjectTests.debug.xcconfig */ = {isa = PBXFileReference; includeInIndex = 1; lastKnownFileType = text.xcconfig; name = "Pods-CDSE-IT ProjectTests.debug.xcconfig"; path = "Target Support Files/Pods-CDSE-IT ProjectTests/Pods-CDSE-IT ProjectTests.debug.xcconfig"; sourceTree = "<group>"; };
		9529C4042AB2EDDC00623654 /* CDSE-IT Project.app */ = {isa = PBXFileReference; explicitFileType = wrapper.application; includeInIndex = 0; path = "CDSE-IT Project.app"; sourceTree = BUILT_PRODUCTS_DIR; };
		9529C4072AB2EDDC00623654 /* AppDelegate.swift */ = {isa = PBXFileReference; lastKnownFileType = sourcecode.swift; path = AppDelegate.swift; sourceTree = "<group>"; };
		9529C4092AB2EDDC00623654 /* SceneDelegate.swift */ = {isa = PBXFileReference; lastKnownFileType = sourcecode.swift; path = SceneDelegate.swift; sourceTree = "<group>"; };
		9529C40B2AB2EDDC00623654 /* ViewController.swift */ = {isa = PBXFileReference; lastKnownFileType = sourcecode.swift; path = ViewController.swift; sourceTree = "<group>"; };
		9529C40E2AB2EDDC00623654 /* Base */ = {isa = PBXFileReference; lastKnownFileType = file.storyboard; name = Base; path = Base.lproj/Main.storyboard; sourceTree = "<group>"; };
		9529C4112AB2EDDC00623654 /* CDSE_IT_Project.xcdatamodel */ = {isa = PBXFileReference; lastKnownFileType = wrapper.xcdatamodel; path = CDSE_IT_Project.xcdatamodel; sourceTree = "<group>"; };
		9529C4132AB2EDDE00623654 /* Assets.xcassets */ = {isa = PBXFileReference; lastKnownFileType = folder.assetcatalog; path = Assets.xcassets; sourceTree = "<group>"; };
		9529C4162AB2EDDE00623654 /* Base */ = {isa = PBXFileReference; lastKnownFileType = file.storyboard; name = Base; path = Base.lproj/LaunchScreen.storyboard; sourceTree = "<group>"; };
		9529C4182AB2EDDE00623654 /* Info.plist */ = {isa = PBXFileReference; lastKnownFileType = text.plist.xml; path = Info.plist; sourceTree = "<group>"; };
		9529C41D2AB2EDDE00623654 /* CDSE-IT ProjectTests.xctest */ = {isa = PBXFileReference; explicitFileType = wrapper.cfbundle; includeInIndex = 0; path = "CDSE-IT ProjectTests.xctest"; sourceTree = BUILT_PRODUCTS_DIR; };
		9529C4212AB2EDDE00623654 /* CDSE_IT_ProjectTests.swift */ = {isa = PBXFileReference; lastKnownFileType = sourcecode.swift; path = CDSE_IT_ProjectTests.swift; sourceTree = "<group>"; };
		9529C4272AB2EDDE00623654 /* CDSE-IT ProjectUITests.xctest */ = {isa = PBXFileReference; explicitFileType = wrapper.cfbundle; includeInIndex = 0; path = "CDSE-IT ProjectUITests.xctest"; sourceTree = BUILT_PRODUCTS_DIR; };
		9529C42B2AB2EDDE00623654 /* CDSE_IT_ProjectUITests.swift */ = {isa = PBXFileReference; lastKnownFileType = sourcecode.swift; path = CDSE_IT_ProjectUITests.swift; sourceTree = "<group>"; };
		9529C42D2AB2EDDE00623654 /* CDSE_IT_ProjectUITestsLaunchTests.swift */ = {isa = PBXFileReference; lastKnownFileType = sourcecode.swift; path = CDSE_IT_ProjectUITestsLaunchTests.swift; sourceTree = "<group>"; };
		9529C43A2AB2EE6700623654 /* GoogleService-Info.plist */ = {isa = PBXFileReference; fileEncoding = 4; lastKnownFileType = text.plist.xml; path = "GoogleService-Info.plist"; sourceTree = "<group>"; };
		9529C43D2AB2FC4F00623654 /* FirebaseManager.swift */ = {isa = PBXFileReference; lastKnownFileType = sourcecode.swift; path = FirebaseManager.swift; sourceTree = "<group>"; };
		9529C4402AB2FCE600623654 /* EmployeeModel.swift */ = {isa = PBXFileReference; lastKnownFileType = sourcecode.swift; path = EmployeeModel.swift; sourceTree = "<group>"; };
		9529C4432AB32EA600623654 /* DatabaseManager.swift */ = {isa = PBXFileReference; lastKnownFileType = sourcecode.swift; path = DatabaseManager.swift; sourceTree = "<group>"; };
		953E10832AB6D5520028F587 /* EmployeesRecordVC.swift */ = {isa = PBXFileReference; lastKnownFileType = sourcecode.swift; path = EmployeesRecordVC.swift; sourceTree = "<group>"; };
		955417F02AB77650003CEDEC /* DepartmentEntity+CoreDataClass.swift */ = {isa = PBXFileReference; lastKnownFileType = sourcecode.swift; path = "DepartmentEntity+CoreDataClass.swift"; sourceTree = "<group>"; };
		955417F12AB77650003CEDEC /* DepartmentEntity+CoreDataProperties.swift */ = {isa = PBXFileReference; lastKnownFileType = sourcecode.swift; path = "DepartmentEntity+CoreDataProperties.swift"; sourceTree = "<group>"; };
		955417F22AB77650003CEDEC /* DepartmentManagerEntity+CoreDataClass.swift */ = {isa = PBXFileReference; lastKnownFileType = sourcecode.swift; path = "DepartmentManagerEntity+CoreDataClass.swift"; sourceTree = "<group>"; };
		955417F32AB77650003CEDEC /* DepartmentManagerEntity+CoreDataProperties.swift */ = {isa = PBXFileReference; lastKnownFileType = sourcecode.swift; path = "DepartmentManagerEntity+CoreDataProperties.swift"; sourceTree = "<group>"; };
		955417F42AB77650003CEDEC /* EmployeeEntity+CoreDataClass.swift */ = {isa = PBXFileReference; lastKnownFileType = sourcecode.swift; path = "EmployeeEntity+CoreDataClass.swift"; sourceTree = "<group>"; };
		955417F52AB77650003CEDEC /* EmployeeEntity+CoreDataProperties.swift */ = {isa = PBXFileReference; lastKnownFileType = sourcecode.swift; path = "EmployeeEntity+CoreDataProperties.swift"; sourceTree = "<group>"; };
		955417F62AB77650003CEDEC /* TitleEntity+CoreDataClass.swift */ = {isa = PBXFileReference; lastKnownFileType = sourcecode.swift; path = "TitleEntity+CoreDataClass.swift"; sourceTree = "<group>"; };
		955417F72AB77650003CEDEC /* TitleEntity+CoreDataProperties.swift */ = {isa = PBXFileReference; lastKnownFileType = sourcecode.swift; path = "TitleEntity+CoreDataProperties.swift"; sourceTree = "<group>"; };
		955417F82AB77650003CEDEC /* EmployeeDepartmentEntity+CoreDataClass.swift */ = {isa = PBXFileReference; lastKnownFileType = sourcecode.swift; path = "EmployeeDepartmentEntity+CoreDataClass.swift"; sourceTree = "<group>"; };
		955417F92AB77650003CEDEC /* EmployeeDepartmentEntity+CoreDataProperties.swift */ = {isa = PBXFileReference; lastKnownFileType = sourcecode.swift; path = "EmployeeDepartmentEntity+CoreDataProperties.swift"; sourceTree = "<group>"; };
		955417FA2AB77650003CEDEC /* SalaryEntity+CoreDataClass.swift */ = {isa = PBXFileReference; lastKnownFileType = sourcecode.swift; path = "SalaryEntity+CoreDataClass.swift"; sourceTree = "<group>"; };
		955417FB2AB77650003CEDEC /* SalaryEntity+CoreDataProperties.swift */ = {isa = PBXFileReference; lastKnownFileType = sourcecode.swift; path = "SalaryEntity+CoreDataProperties.swift"; sourceTree = "<group>"; };
		9554180A2AB7ADBA003CEDEC /* DateExtension.swift */ = {isa = PBXFileReference; lastKnownFileType = sourcecode.swift; path = DateExtension.swift; sourceTree = "<group>"; };
		9554180C2AB8875B003CEDEC /* ActivityIndicator.swift */ = {isa = PBXFileReference; lastKnownFileType = sourcecode.swift; path = ActivityIndicator.swift; sourceTree = "<group>"; };
		9554180E2AB8B004003CEDEC /* AlertHelper.swift */ = {isa = PBXFileReference; lastKnownFileType = sourcecode.swift; path = AlertHelper.swift; sourceTree = "<group>"; };
		955418102AB8B018003CEDEC /* Reachability.swift */ = {isa = PBXFileReference; lastKnownFileType = sourcecode.swift; path = Reachability.swift; sourceTree = "<group>"; };
		95FC68D82AB91B9A004D2CD8 /* TopController.swift */ = {isa = PBXFileReference; lastKnownFileType = sourcecode.swift; path = TopController.swift; sourceTree = "<group>"; };
		9F634074008A3CCFE5708DAF /* Pods-CDSE-IT Project-CDSE-IT ProjectUITests.release.xcconfig */ = {isa = PBXFileReference; includeInIndex = 1; lastKnownFileType = text.xcconfig; name = "Pods-CDSE-IT Project-CDSE-IT ProjectUITests.release.xcconfig"; path = "Target Support Files/Pods-CDSE-IT Project-CDSE-IT ProjectUITests/Pods-CDSE-IT Project-CDSE-IT ProjectUITests.release.xcconfig"; sourceTree = "<group>"; };
		C702FF92172CB0B35F1DB4B3 /* Pods_CDSE_IT_Project.framework */ = {isa = PBXFileReference; explicitFileType = wrapper.framework; includeInIndex = 0; path = Pods_CDSE_IT_Project.framework; sourceTree = BUILT_PRODUCTS_DIR; };
		F9B346E637F5010FA42B0D25 /* Pods-CDSE-IT ProjectTests.release.xcconfig */ = {isa = PBXFileReference; includeInIndex = 1; lastKnownFileType = text.xcconfig; name = "Pods-CDSE-IT ProjectTests.release.xcconfig"; path = "Target Support Files/Pods-CDSE-IT ProjectTests/Pods-CDSE-IT ProjectTests.release.xcconfig"; sourceTree = "<group>"; };
/* End PBXFileReference section */

/* Begin PBXFrameworksBuildPhase section */
		9529C4012AB2EDDC00623654 /* Frameworks */ = {
			isa = PBXFrameworksBuildPhase;
			buildActionMask = 2147483647;
			files = (
				0C67E69EB0396D721E3A6BD6 /* Pods_CDSE_IT_Project.framework in Frameworks */,
			);
			runOnlyForDeploymentPostprocessing = 0;
		};
		9529C41A2AB2EDDE00623654 /* Frameworks */ = {
			isa = PBXFrameworksBuildPhase;
			buildActionMask = 2147483647;
			files = (
				9C06224E66CCAA730BD08690 /* Pods_CDSE_IT_ProjectTests.framework in Frameworks */,
			);
			runOnlyForDeploymentPostprocessing = 0;
		};
		9529C4242AB2EDDE00623654 /* Frameworks */ = {
			isa = PBXFrameworksBuildPhase;
			buildActionMask = 2147483647;
			files = (
				8F09208E93EA1C603598800F /* Pods_CDSE_IT_Project_CDSE_IT_ProjectUITests.framework in Frameworks */,
			);
			runOnlyForDeploymentPostprocessing = 0;
		};
/* End PBXFrameworksBuildPhase section */

/* Begin PBXGroup section */
		120CCCC3E89FB29E6D221773 /* Pods */ = {
			isa = PBXGroup;
			children = (
				6446CEBBFBFF6DC08C1D4806 /* Pods-CDSE-IT Project.debug.xcconfig */,
				41BDCF7C661A854DC19BA650 /* Pods-CDSE-IT Project.release.xcconfig */,
				6EA0AF8C6FA0061AB0BC702D /* Pods-CDSE-IT Project-CDSE-IT ProjectUITests.debug.xcconfig */,
				9F634074008A3CCFE5708DAF /* Pods-CDSE-IT Project-CDSE-IT ProjectUITests.release.xcconfig */,
				823C6A259A58F80FDE03F28C /* Pods-CDSE-IT ProjectTests.debug.xcconfig */,
				F9B346E637F5010FA42B0D25 /* Pods-CDSE-IT ProjectTests.release.xcconfig */,
			);
			path = Pods;
			sourceTree = "<group>";
		};
		9529C3FB2AB2EDDC00623654 = {
			isa = PBXGroup;
			children = (
				9529C4062AB2EDDC00623654 /* CDSE-IT Project */,
				9529C4202AB2EDDE00623654 /* CDSE-IT ProjectTests */,
				9529C42A2AB2EDDE00623654 /* CDSE-IT ProjectUITests */,
				9529C4052AB2EDDC00623654 /* Products */,
				120CCCC3E89FB29E6D221773 /* Pods */,
				D9A94D3DC135DD8F7A081B31 /* Frameworks */,
			);
			sourceTree = "<group>";
		};
		9529C4052AB2EDDC00623654 /* Products */ = {
			isa = PBXGroup;
			children = (
				9529C4042AB2EDDC00623654 /* CDSE-IT Project.app */,
				9529C41D2AB2EDDE00623654 /* CDSE-IT ProjectTests.xctest */,
				9529C4272AB2EDDE00623654 /* CDSE-IT ProjectUITests.xctest */,
			);
			name = Products;
			sourceTree = "<group>";
		};
		9529C4062AB2EDDC00623654 /* CDSE-IT Project */ = {
			isa = PBXGroup;
			children = (
				955418122AB90676003CEDEC /* AppDelegate */,
				955418132AB90685003CEDEC /* SceneDelegate */,
				955418092AB7AD7C003CEDEC /* Helpers */,
				9576E3932AB7716B009EA296 /* NSManagedObject Classes */,
				9529C4422AB32E5F00623654 /* DatabaseManager */,
				9529C43C2AB2FC3D00623654 /* Firebase Manager */,
				9529C43F2AB2FCD600623654 /* Model */,
				95FC68DB2AB91BC6004D2CD8 /* Storyboards */,
				95FC68DA2AB91BB2004D2CD8 /* Controllers */,
				9529C4132AB2EDDE00623654 /* Assets.xcassets */,
				9529C4152AB2EDDE00623654 /* LaunchScreen.storyboard */,
				9529C4182AB2EDDE00623654 /* Info.plist */,
				9529C43A2AB2EE6700623654 /* GoogleService-Info.plist */,
				9529C4102AB2EDDC00623654 /* CDSE_IT_Project.xcdatamodeld */,
			);
			path = "CDSE-IT Project";
			sourceTree = "<group>";
		};
		9529C4202AB2EDDE00623654 /* CDSE-IT ProjectTests */ = {
			isa = PBXGroup;
			children = (
				9529C4212AB2EDDE00623654 /* CDSE_IT_ProjectTests.swift */,
			);
			path = "CDSE-IT ProjectTests";
			sourceTree = "<group>";
		};
		9529C42A2AB2EDDE00623654 /* CDSE-IT ProjectUITests */ = {
			isa = PBXGroup;
			children = (
				9529C42B2AB2EDDE00623654 /* CDSE_IT_ProjectUITests.swift */,
				9529C42D2AB2EDDE00623654 /* CDSE_IT_ProjectUITestsLaunchTests.swift */,
			);
			path = "CDSE-IT ProjectUITests";
			sourceTree = "<group>";
		};
		9529C43C2AB2FC3D00623654 /* Firebase Manager */ = {
			isa = PBXGroup;
			children = (
				9529C43D2AB2FC4F00623654 /* FirebaseManager.swift */,
			);
			path = "Firebase Manager";
			sourceTree = "<group>";
		};
		9529C43F2AB2FCD600623654 /* Model */ = {
			isa = PBXGroup;
			children = (
				9529C4402AB2FCE600623654 /* EmployeeModel.swift */,
			);
			path = Model;
			sourceTree = "<group>";
		};
		9529C4422AB32E5F00623654 /* DatabaseManager */ = {
			isa = PBXGroup;
			children = (
				9529C4432AB32EA600623654 /* DatabaseManager.swift */,
			);
			path = DatabaseManager;
			sourceTree = "<group>";
		};
		955418092AB7AD7C003CEDEC /* Helpers */ = {
			isa = PBXGroup;
			children = (
				9554180A2AB7ADBA003CEDEC /* DateExtension.swift */,
				9554180E2AB8B004003CEDEC /* AlertHelper.swift */,
				955418102AB8B018003CEDEC /* Reachability.swift */,
				9554180C2AB8875B003CEDEC /* ActivityIndicator.swift */,
				95FC68D82AB91B9A004D2CD8 /* TopController.swift */,
			);
			path = Helpers;
			sourceTree = "<group>";
		};
		955418122AB90676003CEDEC /* AppDelegate */ = {
			isa = PBXGroup;
			children = (
				9529C4072AB2EDDC00623654 /* AppDelegate.swift */,
			);
			path = AppDelegate;
			sourceTree = "<group>";
		};
		955418132AB90685003CEDEC /* SceneDelegate */ = {
			isa = PBXGroup;
			children = (
				9529C4092AB2EDDC00623654 /* SceneDelegate.swift */,
			);
			path = SceneDelegate;
			sourceTree = "<group>";
		};
		9576E3932AB7716B009EA296 /* NSManagedObject Classes */ = {
			isa = PBXGroup;
			children = (
				955417F02AB77650003CEDEC /* DepartmentEntity+CoreDataClass.swift */,
				955417F12AB77650003CEDEC /* DepartmentEntity+CoreDataProperties.swift */,
				955417F22AB77650003CEDEC /* DepartmentManagerEntity+CoreDataClass.swift */,
				955417F32AB77650003CEDEC /* DepartmentManagerEntity+CoreDataProperties.swift */,
				955417F42AB77650003CEDEC /* EmployeeEntity+CoreDataClass.swift */,
				955417F52AB77650003CEDEC /* EmployeeEntity+CoreDataProperties.swift */,
				955417F62AB77650003CEDEC /* TitleEntity+CoreDataClass.swift */,
				955417F72AB77650003CEDEC /* TitleEntity+CoreDataProperties.swift */,
				955417F82AB77650003CEDEC /* EmployeeDepartmentEntity+CoreDataClass.swift */,
				955417F92AB77650003CEDEC /* EmployeeDepartmentEntity+CoreDataProperties.swift */,
				955417FA2AB77650003CEDEC /* SalaryEntity+CoreDataClass.swift */,
				955417FB2AB77650003CEDEC /* SalaryEntity+CoreDataProperties.swift */,
			);
			path = "NSManagedObject Classes";
			sourceTree = "<group>";
		};
		95FC68DA2AB91BB2004D2CD8 /* Controllers */ = {
			isa = PBXGroup;
			children = (
				953E10832AB6D5520028F587 /* EmployeesRecordVC.swift */,
				9529C40B2AB2EDDC00623654 /* ViewController.swift */,
			);
			path = Controllers;
			sourceTree = "<group>";
		};
		95FC68DB2AB91BC6004D2CD8 /* Storyboards */ = {
			isa = PBXGroup;
			children = (
				9529C40D2AB2EDDC00623654 /* Main.storyboard */,
			);
			path = Storyboards;
			sourceTree = "<group>";
		};
		D9A94D3DC135DD8F7A081B31 /* Frameworks */ = {
			isa = PBXGroup;
			children = (
				C702FF92172CB0B35F1DB4B3 /* Pods_CDSE_IT_Project.framework */,
				12048D304261CD36B4EC67AE /* Pods_CDSE_IT_Project_CDSE_IT_ProjectUITests.framework */,
				6FB3231A85240FBD012888FC /* Pods_CDSE_IT_ProjectTests.framework */,
			);
			name = Frameworks;
			sourceTree = "<group>";
		};
/* End PBXGroup section */

/* Begin PBXNativeTarget section */
		9529C4032AB2EDDC00623654 /* CDSE-IT Project */ = {
			isa = PBXNativeTarget;
			buildConfigurationList = 9529C4312AB2EDDE00623654 /* Build configuration list for PBXNativeTarget "CDSE-IT Project" */;
			buildPhases = (
				DB6120A3A7A30CC7E552F791 /* [CP] Check Pods Manifest.lock */,
				9529C4002AB2EDDC00623654 /* Sources */,
				9529C4012AB2EDDC00623654 /* Frameworks */,
				9529C4022AB2EDDC00623654 /* Resources */,
				F01D9515EC696C36D384CEE1 /* [CP] Embed Pods Frameworks */,
			);
			buildRules = (
			);
			dependencies = (
			);
			name = "CDSE-IT Project";
			productName = "CDSE-IT Project";
			productReference = 9529C4042AB2EDDC00623654 /* CDSE-IT Project.app */;
			productType = "com.apple.product-type.application";
		};
		9529C41C2AB2EDDE00623654 /* CDSE-IT ProjectTests */ = {
			isa = PBXNativeTarget;
			buildConfigurationList = 9529C4342AB2EDDE00623654 /* Build configuration list for PBXNativeTarget "CDSE-IT ProjectTests" */;
			buildPhases = (
				679AB6FBABCE880AFF4F8CB6 /* [CP] Check Pods Manifest.lock */,
				9529C4192AB2EDDE00623654 /* Sources */,
				9529C41A2AB2EDDE00623654 /* Frameworks */,
				9529C41B2AB2EDDE00623654 /* Resources */,
			);
			buildRules = (
			);
			dependencies = (
				9529C41F2AB2EDDE00623654 /* PBXTargetDependency */,
			);
			name = "CDSE-IT ProjectTests";
			productName = "CDSE-IT ProjectTests";
			productReference = 9529C41D2AB2EDDE00623654 /* CDSE-IT ProjectTests.xctest */;
			productType = "com.apple.product-type.bundle.unit-test";
		};
		9529C4262AB2EDDE00623654 /* CDSE-IT ProjectUITests */ = {
			isa = PBXNativeTarget;
			buildConfigurationList = 9529C4372AB2EDDE00623654 /* Build configuration list for PBXNativeTarget "CDSE-IT ProjectUITests" */;
			buildPhases = (
				5007B210F14C382B5F369B97 /* [CP] Check Pods Manifest.lock */,
				9529C4232AB2EDDE00623654 /* Sources */,
				9529C4242AB2EDDE00623654 /* Frameworks */,
				9529C4252AB2EDDE00623654 /* Resources */,
				4B959C50B04B56A5D124CA2A /* [CP] Embed Pods Frameworks */,
			);
			buildRules = (
			);
			dependencies = (
				9529C4292AB2EDDE00623654 /* PBXTargetDependency */,
			);
			name = "CDSE-IT ProjectUITests";
			productName = "CDSE-IT ProjectUITests";
			productReference = 9529C4272AB2EDDE00623654 /* CDSE-IT ProjectUITests.xctest */;
			productType = "com.apple.product-type.bundle.ui-testing";
		};
/* End PBXNativeTarget section */

/* Begin PBXProject section */
		9529C3FC2AB2EDDC00623654 /* Project object */ = {
			isa = PBXProject;
			attributes = {
				BuildIndependentTargetsInParallel = 1;
				LastSwiftUpdateCheck = 1420;
				LastUpgradeCheck = 1420;
				TargetAttributes = {
					9529C4032AB2EDDC00623654 = {
						CreatedOnToolsVersion = 14.2;
					};
					9529C41C2AB2EDDE00623654 = {
						CreatedOnToolsVersion = 14.2;
						TestTargetID = 9529C4032AB2EDDC00623654;
					};
					9529C4262AB2EDDE00623654 = {
						CreatedOnToolsVersion = 14.2;
						TestTargetID = 9529C4032AB2EDDC00623654;
					};
				};
			};
			buildConfigurationList = 9529C3FF2AB2EDDC00623654 /* Build configuration list for PBXProject "CDSE-IT Project" */;
			compatibilityVersion = "Xcode 14.0";
			developmentRegion = en;
			hasScannedForEncodings = 0;
			knownRegions = (
				en,
				Base,
			);
			mainGroup = 9529C3FB2AB2EDDC00623654;
			productRefGroup = 9529C4052AB2EDDC00623654 /* Products */;
			projectDirPath = "";
			projectRoot = "";
			targets = (
				9529C4032AB2EDDC00623654 /* CDSE-IT Project */,
				9529C41C2AB2EDDE00623654 /* CDSE-IT ProjectTests */,
				9529C4262AB2EDDE00623654 /* CDSE-IT ProjectUITests */,
			);
		};
/* End PBXProject section */

/* Begin PBXResourcesBuildPhase section */
		9529C4022AB2EDDC00623654 /* Resources */ = {
			isa = PBXResourcesBuildPhase;
			buildActionMask = 2147483647;
			files = (
				955418082AB778A3003CEDEC /* CDSE_IT_Project.xcdatamodeld in Resources */,
				9529C4172AB2EDDE00623654 /* LaunchScreen.storyboard in Resources */,
				9529C43B2AB2EE6700623654 /* GoogleService-Info.plist in Resources */,
				9529C4142AB2EDDE00623654 /* Assets.xcassets in Resources */,
				9529C40F2AB2EDDC00623654 /* Main.storyboard in Resources */,
			);
			runOnlyForDeploymentPostprocessing = 0;
		};
		9529C41B2AB2EDDE00623654 /* Resources */ = {
			isa = PBXResourcesBuildPhase;
			buildActionMask = 2147483647;
			files = (
			);
			runOnlyForDeploymentPostprocessing = 0;
		};
		9529C4252AB2EDDE00623654 /* Resources */ = {
			isa = PBXResourcesBuildPhase;
			buildActionMask = 2147483647;
			files = (
			);
			runOnlyForDeploymentPostprocessing = 0;
		};
/* End PBXResourcesBuildPhase section */

/* Begin PBXShellScriptBuildPhase section */
		4B959C50B04B56A5D124CA2A /* [CP] Embed Pods Frameworks */ = {
			isa = PBXShellScriptBuildPhase;
			buildActionMask = 2147483647;
			files = (
			);
			inputFileListPaths = (
				"${PODS_ROOT}/Target Support Files/Pods-CDSE-IT Project-CDSE-IT ProjectUITests/Pods-CDSE-IT Project-CDSE-IT ProjectUITests-frameworks-${CONFIGURATION}-input-files.xcfilelist",
			);
			name = "[CP] Embed Pods Frameworks";
			outputFileListPaths = (
				"${PODS_ROOT}/Target Support Files/Pods-CDSE-IT Project-CDSE-IT ProjectUITests/Pods-CDSE-IT Project-CDSE-IT ProjectUITests-frameworks-${CONFIGURATION}-output-files.xcfilelist",
			);
			runOnlyForDeploymentPostprocessing = 0;
			shellPath = /bin/sh;
			shellScript = "\"${PODS_ROOT}/Target Support Files/Pods-CDSE-IT Project-CDSE-IT ProjectUITests/Pods-CDSE-IT Project-CDSE-IT ProjectUITests-frameworks.sh\"\n";
			showEnvVarsInLog = 0;
		};
		5007B210F14C382B5F369B97 /* [CP] Check Pods Manifest.lock */ = {
			isa = PBXShellScriptBuildPhase;
			buildActionMask = 2147483647;
			files = (
			);
			inputFileListPaths = (
			);
			inputPaths = (
				"${PODS_PODFILE_DIR_PATH}/Podfile.lock",
				"${PODS_ROOT}/Manifest.lock",
			);
			name = "[CP] Check Pods Manifest.lock";
			outputFileListPaths = (
			);
			outputPaths = (
				"$(DERIVED_FILE_DIR)/Pods-CDSE-IT Project-CDSE-IT ProjectUITests-checkManifestLockResult.txt",
			);
			runOnlyForDeploymentPostprocessing = 0;
			shellPath = /bin/sh;
			shellScript = "diff \"${PODS_PODFILE_DIR_PATH}/Podfile.lock\" \"${PODS_ROOT}/Manifest.lock\" > /dev/null\nif [ $? != 0 ] ; then\n    # print error to STDERR\n    echo \"error: The sandbox is not in sync with the Podfile.lock. Run 'pod install' or update your CocoaPods installation.\" >&2\n    exit 1\nfi\n# This output is used by Xcode 'outputs' to avoid re-running this script phase.\necho \"SUCCESS\" > \"${SCRIPT_OUTPUT_FILE_0}\"\n";
			showEnvVarsInLog = 0;
		};
		679AB6FBABCE880AFF4F8CB6 /* [CP] Check Pods Manifest.lock */ = {
			isa = PBXShellScriptBuildPhase;
			buildActionMask = 2147483647;
			files = (
			);
			inputFileListPaths = (
			);
			inputPaths = (
				"${PODS_PODFILE_DIR_PATH}/Podfile.lock",
				"${PODS_ROOT}/Manifest.lock",
			);
			name = "[CP] Check Pods Manifest.lock";
			outputFileListPaths = (
			);
			outputPaths = (
				"$(DERIVED_FILE_DIR)/Pods-CDSE-IT ProjectTests-checkManifestLockResult.txt",
			);
			runOnlyForDeploymentPostprocessing = 0;
			shellPath = /bin/sh;
			shellScript = "diff \"${PODS_PODFILE_DIR_PATH}/Podfile.lock\" \"${PODS_ROOT}/Manifest.lock\" > /dev/null\nif [ $? != 0 ] ; then\n    # print error to STDERR\n    echo \"error: The sandbox is not in sync with the Podfile.lock. Run 'pod install' or update your CocoaPods installation.\" >&2\n    exit 1\nfi\n# This output is used by Xcode 'outputs' to avoid re-running this script phase.\necho \"SUCCESS\" > \"${SCRIPT_OUTPUT_FILE_0}\"\n";
			showEnvVarsInLog = 0;
		};
		DB6120A3A7A30CC7E552F791 /* [CP] Check Pods Manifest.lock */ = {
			isa = PBXShellScriptBuildPhase;
			buildActionMask = 2147483647;
			files = (
			);
			inputFileListPaths = (
			);
			inputPaths = (
				"${PODS_PODFILE_DIR_PATH}/Podfile.lock",
				"${PODS_ROOT}/Manifest.lock",
			);
			name = "[CP] Check Pods Manifest.lock";
			outputFileListPaths = (
			);
			outputPaths = (
				"$(DERIVED_FILE_DIR)/Pods-CDSE-IT Project-checkManifestLockResult.txt",
			);
			runOnlyForDeploymentPostprocessing = 0;
			shellPath = /bin/sh;
			shellScript = "diff \"${PODS_PODFILE_DIR_PATH}/Podfile.lock\" \"${PODS_ROOT}/Manifest.lock\" > /dev/null\nif [ $? != 0 ] ; then\n    # print error to STDERR\n    echo \"error: The sandbox is not in sync with the Podfile.lock. Run 'pod install' or update your CocoaPods installation.\" >&2\n    exit 1\nfi\n# This output is used by Xcode 'outputs' to avoid re-running this script phase.\necho \"SUCCESS\" > \"${SCRIPT_OUTPUT_FILE_0}\"\n";
			showEnvVarsInLog = 0;
		};
		F01D9515EC696C36D384CEE1 /* [CP] Embed Pods Frameworks */ = {
			isa = PBXShellScriptBuildPhase;
			buildActionMask = 2147483647;
			files = (
			);
			inputFileListPaths = (
				"${PODS_ROOT}/Target Support Files/Pods-CDSE-IT Project/Pods-CDSE-IT Project-frameworks-${CONFIGURATION}-input-files.xcfilelist",
			);
			name = "[CP] Embed Pods Frameworks";
			outputFileListPaths = (
				"${PODS_ROOT}/Target Support Files/Pods-CDSE-IT Project/Pods-CDSE-IT Project-frameworks-${CONFIGURATION}-output-files.xcfilelist",
			);
			runOnlyForDeploymentPostprocessing = 0;
			shellPath = /bin/sh;
			shellScript = "\"${PODS_ROOT}/Target Support Files/Pods-CDSE-IT Project/Pods-CDSE-IT Project-frameworks.sh\"\n";
			showEnvVarsInLog = 0;
		};
/* End PBXShellScriptBuildPhase section */

/* Begin PBXSourcesBuildPhase section */
		9529C4002AB2EDDC00623654 /* Sources */ = {
			isa = PBXSourcesBuildPhase;
			buildActionMask = 2147483647;
			files = (
				955418072AB77650003CEDEC /* SalaryEntity+CoreDataProperties.swift in Sources */,
				9554180B2AB7ADBA003CEDEC /* DateExtension.swift in Sources */,
				955417FD2AB77650003CEDEC /* DepartmentEntity+CoreDataProperties.swift in Sources */,
				955417FC2AB77650003CEDEC /* DepartmentEntity+CoreDataClass.swift in Sources */,
				9554180D2AB8875B003CEDEC /* ActivityIndicator.swift in Sources */,
				955418062AB77650003CEDEC /* SalaryEntity+CoreDataClass.swift in Sources */,
				9529C40C2AB2EDDC00623654 /* ViewController.swift in Sources */,
				955418042AB77650003CEDEC /* EmployeeDepartmentEntity+CoreDataClass.swift in Sources */,
				9529C43E2AB2FC4F00623654 /* FirebaseManager.swift in Sources */,
				9529C4412AB2FCE600623654 /* EmployeeModel.swift in Sources */,
				955418012AB77650003CEDEC /* EmployeeEntity+CoreDataProperties.swift in Sources */,
				955418002AB77650003CEDEC /* EmployeeEntity+CoreDataClass.swift in Sources */,
				9554180F2AB8B004003CEDEC /* AlertHelper.swift in Sources */,
				955417FF2AB77650003CEDEC /* DepartmentManagerEntity+CoreDataProperties.swift in Sources */,
				955418032AB77650003CEDEC /* TitleEntity+CoreDataProperties.swift in Sources */,
				955418112AB8B018003CEDEC /* Reachability.swift in Sources */,
				9529C4082AB2EDDC00623654 /* AppDelegate.swift in Sources */,
				955418052AB77650003CEDEC /* EmployeeDepartmentEntity+CoreDataProperties.swift in Sources */,
				955417FE2AB77650003CEDEC /* DepartmentManagerEntity+CoreDataClass.swift in Sources */,
				953E10842AB6D5520028F587 /* EmployeesRecordVC.swift in Sources */,
				9529C40A2AB2EDDC00623654 /* SceneDelegate.swift in Sources */,
				95FC68D92AB91B9A004D2CD8 /* TopController.swift in Sources */,
				9529C4442AB32EA600623654 /* DatabaseManager.swift in Sources */,
				955418022AB77650003CEDEC /* TitleEntity+CoreDataClass.swift in Sources */,
			);
			runOnlyForDeploymentPostprocessing = 0;
		};
		9529C4192AB2EDDE00623654 /* Sources */ = {
			isa = PBXSourcesBuildPhase;
			buildActionMask = 2147483647;
			files = (
				9529C4222AB2EDDE00623654 /* CDSE_IT_ProjectTests.swift in Sources */,
			);
			runOnlyForDeploymentPostprocessing = 0;
		};
		9529C4232AB2EDDE00623654 /* Sources */ = {
			isa = PBXSourcesBuildPhase;
			buildActionMask = 2147483647;
			files = (
				9529C42E2AB2EDDE00623654 /* CDSE_IT_ProjectUITestsLaunchTests.swift in Sources */,
				9529C42C2AB2EDDE00623654 /* CDSE_IT_ProjectUITests.swift in Sources */,
			);
			runOnlyForDeploymentPostprocessing = 0;
		};
/* End PBXSourcesBuildPhase section */

/* Begin PBXTargetDependency section */
		9529C41F2AB2EDDE00623654 /* PBXTargetDependency */ = {
			isa = PBXTargetDependency;
			target = 9529C4032AB2EDDC00623654 /* CDSE-IT Project */;
			targetProxy = 9529C41E2AB2EDDE00623654 /* PBXContainerItemProxy */;
		};
		9529C4292AB2EDDE00623654 /* PBXTargetDependency */ = {
			isa = PBXTargetDependency;
			target = 9529C4032AB2EDDC00623654 /* CDSE-IT Project */;
			targetProxy = 9529C4282AB2EDDE00623654 /* PBXContainerItemProxy */;
		};
/* End PBXTargetDependency section */

/* Begin PBXVariantGroup section */
		9529C40D2AB2EDDC00623654 /* Main.storyboard */ = {
			isa = PBXVariantGroup;
			children = (
				9529C40E2AB2EDDC00623654 /* Base */,
			);
			name = Main.storyboard;
			sourceTree = "<group>";
		};
		9529C4152AB2EDDE00623654 /* LaunchScreen.storyboard */ = {
			isa = PBXVariantGroup;
			children = (
				9529C4162AB2EDDE00623654 /* Base */,
			);
			name = LaunchScreen.storyboard;
			sourceTree = "<group>";
		};
/* End PBXVariantGroup section */

/* Begin XCBuildConfiguration section */
		9529C42F2AB2EDDE00623654 /* Debug */ = {
			isa = XCBuildConfiguration;
			buildSettings = {
				ALWAYS_SEARCH_USER_PATHS = NO;
				CLANG_ANALYZER_NONNULL = YES;
				CLANG_ANALYZER_NUMBER_OBJECT_CONVERSION = YES_AGGRESSIVE;
				CLANG_CXX_LANGUAGE_STANDARD = "gnu++20";
				CLANG_ENABLE_MODULES = YES;
				CLANG_ENABLE_OBJC_ARC = YES;
				CLANG_ENABLE_OBJC_WEAK = YES;
				CLANG_WARN_BLOCK_CAPTURE_AUTORELEASING = YES;
				CLANG_WARN_BOOL_CONVERSION = YES;
				CLANG_WARN_COMMA = YES;
				CLANG_WARN_CONSTANT_CONVERSION = YES;
				CLANG_WARN_DEPRECATED_OBJC_IMPLEMENTATIONS = YES;
				CLANG_WARN_DIRECT_OBJC_ISA_USAGE = YES_ERROR;
				CLANG_WARN_DOCUMENTATION_COMMENTS = YES;
				CLANG_WARN_EMPTY_BODY = YES;
				CLANG_WARN_ENUM_CONVERSION = YES;
				CLANG_WARN_INFINITE_RECURSION = YES;
				CLANG_WARN_INT_CONVERSION = YES;
				CLANG_WARN_NON_LITERAL_NULL_CONVERSION = YES;
				CLANG_WARN_OBJC_IMPLICIT_RETAIN_SELF = YES;
				CLANG_WARN_OBJC_LITERAL_CONVERSION = YES;
				CLANG_WARN_OBJC_ROOT_CLASS = YES_ERROR;
				CLANG_WARN_QUOTED_INCLUDE_IN_FRAMEWORK_HEADER = YES;
				CLANG_WARN_RANGE_LOOP_ANALYSIS = YES;
				CLANG_WARN_STRICT_PROTOTYPES = YES;
				CLANG_WARN_SUSPICIOUS_MOVE = YES;
				CLANG_WARN_UNGUARDED_AVAILABILITY = YES_AGGRESSIVE;
				CLANG_WARN_UNREACHABLE_CODE = YES;
				CLANG_WARN__DUPLICATE_METHOD_MATCH = YES;
				COPY_PHASE_STRIP = NO;
				DEBUG_INFORMATION_FORMAT = dwarf;
				ENABLE_STRICT_OBJC_MSGSEND = YES;
				ENABLE_TESTABILITY = YES;
				GCC_C_LANGUAGE_STANDARD = gnu11;
				GCC_DYNAMIC_NO_PIC = NO;
				GCC_NO_COMMON_BLOCKS = YES;
				GCC_OPTIMIZATION_LEVEL = 0;
				GCC_PREPROCESSOR_DEFINITIONS = (
					"DEBUG=1",
					"$(inherited)",
				);
				GCC_WARN_64_TO_32_BIT_CONVERSION = YES;
				GCC_WARN_ABOUT_RETURN_TYPE = YES_ERROR;
				GCC_WARN_UNDECLARED_SELECTOR = YES;
				GCC_WARN_UNINITIALIZED_AUTOS = YES_AGGRESSIVE;
				GCC_WARN_UNUSED_FUNCTION = YES;
				GCC_WARN_UNUSED_VARIABLE = YES;
				IPHONEOS_DEPLOYMENT_TARGET = 15.0;
				MTL_ENABLE_DEBUG_INFO = INCLUDE_SOURCE;
				MTL_FAST_MATH = YES;
				ONLY_ACTIVE_ARCH = YES;
				SDKROOT = iphoneos;
				SWIFT_ACTIVE_COMPILATION_CONDITIONS = DEBUG;
				SWIFT_OPTIMIZATION_LEVEL = "-Onone";
			};
			name = Debug;
		};
		9529C4302AB2EDDE00623654 /* Release */ = {
			isa = XCBuildConfiguration;
			buildSettings = {
				ALWAYS_SEARCH_USER_PATHS = NO;
				CLANG_ANALYZER_NONNULL = YES;
				CLANG_ANALYZER_NUMBER_OBJECT_CONVERSION = YES_AGGRESSIVE;
				CLANG_CXX_LANGUAGE_STANDARD = "gnu++20";
				CLANG_ENABLE_MODULES = YES;
				CLANG_ENABLE_OBJC_ARC = YES;
				CLANG_ENABLE_OBJC_WEAK = YES;
				CLANG_WARN_BLOCK_CAPTURE_AUTORELEASING = YES;
				CLANG_WARN_BOOL_CONVERSION = YES;
				CLANG_WARN_COMMA = YES;
				CLANG_WARN_CONSTANT_CONVERSION = YES;
				CLANG_WARN_DEPRECATED_OBJC_IMPLEMENTATIONS = YES;
				CLANG_WARN_DIRECT_OBJC_ISA_USAGE = YES_ERROR;
				CLANG_WARN_DOCUMENTATION_COMMENTS = YES;
				CLANG_WARN_EMPTY_BODY = YES;
				CLANG_WARN_ENUM_CONVERSION = YES;
				CLANG_WARN_INFINITE_RECURSION = YES;
				CLANG_WARN_INT_CONVERSION = YES;
				CLANG_WARN_NON_LITERAL_NULL_CONVERSION = YES;
				CLANG_WARN_OBJC_IMPLICIT_RETAIN_SELF = YES;
				CLANG_WARN_OBJC_LITERAL_CONVERSION = YES;
				CLANG_WARN_OBJC_ROOT_CLASS = YES_ERROR;
				CLANG_WARN_QUOTED_INCLUDE_IN_FRAMEWORK_HEADER = YES;
				CLANG_WARN_RANGE_LOOP_ANALYSIS = YES;
				CLANG_WARN_STRICT_PROTOTYPES = YES;
				CLANG_WARN_SUSPICIOUS_MOVE = YES;
				CLANG_WARN_UNGUARDED_AVAILABILITY = YES_AGGRESSIVE;
				CLANG_WARN_UNREACHABLE_CODE = YES;
				CLANG_WARN__DUPLICATE_METHOD_MATCH = YES;
				COPY_PHASE_STRIP = NO;
				DEBUG_INFORMATION_FORMAT = "dwarf-with-dsym";
				ENABLE_NS_ASSERTIONS = NO;
				ENABLE_STRICT_OBJC_MSGSEND = YES;
				GCC_C_LANGUAGE_STANDARD = gnu11;
				GCC_NO_COMMON_BLOCKS = YES;
				GCC_WARN_64_TO_32_BIT_CONVERSION = YES;
				GCC_WARN_ABOUT_RETURN_TYPE = YES_ERROR;
				GCC_WARN_UNDECLARED_SELECTOR = YES;
				GCC_WARN_UNINITIALIZED_AUTOS = YES_AGGRESSIVE;
				GCC_WARN_UNUSED_FUNCTION = YES;
				GCC_WARN_UNUSED_VARIABLE = YES;
				IPHONEOS_DEPLOYMENT_TARGET = 15.0;
				MTL_ENABLE_DEBUG_INFO = NO;
				MTL_FAST_MATH = YES;
				SDKROOT = iphoneos;
				SWIFT_COMPILATION_MODE = wholemodule;
				SWIFT_OPTIMIZATION_LEVEL = "-O";
				VALIDATE_PRODUCT = YES;
			};
			name = Release;
		};
		9529C4322AB2EDDE00623654 /* Debug */ = {
			isa = XCBuildConfiguration;
			baseConfigurationReference = 6446CEBBFBFF6DC08C1D4806 /* Pods-CDSE-IT Project.debug.xcconfig */;
			buildSettings = {
				ASSETCATALOG_COMPILER_APPICON_NAME = AppIcon;
				ASSETCATALOG_COMPILER_GLOBAL_ACCENT_COLOR_NAME = AccentColor;
				CODE_SIGN_STYLE = Automatic;
				CURRENT_PROJECT_VERSION = 1;
				DEVELOPMENT_TEAM = S84ZUZ8GBJ;
				GENERATE_INFOPLIST_FILE = YES;
				INFOPLIST_FILE = "CDSE-IT Project/Info.plist";
				INFOPLIST_KEY_UIApplicationSupportsIndirectInputEvents = YES;
				INFOPLIST_KEY_UILaunchStoryboardName = LaunchScreen;
				INFOPLIST_KEY_UIMainStoryboardFile = Main;
				INFOPLIST_KEY_UISupportedInterfaceOrientations_iPad = "UIInterfaceOrientationPortrait UIInterfaceOrientationPortraitUpsideDown UIInterfaceOrientationLandscapeLeft UIInterfaceOrientationLandscapeRight";
				INFOPLIST_KEY_UISupportedInterfaceOrientations_iPhone = "UIInterfaceOrientationPortrait UIInterfaceOrientationLandscapeLeft UIInterfaceOrientationLandscapeRight";
				IPHONEOS_DEPLOYMENT_TARGET = 14.0;
				LD_RUNPATH_SEARCH_PATHS = (
					"$(inherited)",
					"@executable_path/Frameworks",
				);
				MARKETING_VERSION = 1.0;
				PRODUCT_BUNDLE_IDENTIFIER = "HomeProd.CDSE-IT-Project";
				PRODUCT_NAME = "$(TARGET_NAME)";
				SWIFT_EMIT_LOC_STRINGS = YES;
				SWIFT_VERSION = 5.0;
				TARGETED_DEVICE_FAMILY = "1,2";
			};
			name = Debug;
		};
		9529C4332AB2EDDE00623654 /* Release */ = {
			isa = XCBuildConfiguration;
			baseConfigurationReference = 41BDCF7C661A854DC19BA650 /* Pods-CDSE-IT Project.release.xcconfig */;
			buildSettings = {
				ASSETCATALOG_COMPILER_APPICON_NAME = AppIcon;
				ASSETCATALOG_COMPILER_GLOBAL_ACCENT_COLOR_NAME = AccentColor;
				CODE_SIGN_STYLE = Automatic;
				CURRENT_PROJECT_VERSION = 1;
				DEVELOPMENT_TEAM = S84ZUZ8GBJ;
				GENERATE_INFOPLIST_FILE = YES;
				INFOPLIST_FILE = "CDSE-IT Project/Info.plist";
				INFOPLIST_KEY_UIApplicationSupportsIndirectInputEvents = YES;
				INFOPLIST_KEY_UILaunchStoryboardName = LaunchScreen;
				INFOPLIST_KEY_UIMainStoryboardFile = Main;
				INFOPLIST_KEY_UISupportedInterfaceOrientations_iPad = "UIInterfaceOrientationPortrait UIInterfaceOrientationPortraitUpsideDown UIInterfaceOrientationLandscapeLeft UIInterfaceOrientationLandscapeRight";
				INFOPLIST_KEY_UISupportedInterfaceOrientations_iPhone = "UIInterfaceOrientationPortrait UIInterfaceOrientationLandscapeLeft UIInterfaceOrientationLandscapeRight";
				IPHONEOS_DEPLOYMENT_TARGET = 14.0;
				LD_RUNPATH_SEARCH_PATHS = (
					"$(inherited)",
					"@executable_path/Frameworks",
				);
				MARKETING_VERSION = 1.0;
				PRODUCT_BUNDLE_IDENTIFIER = "HomeProd.CDSE-IT-Project";
				PRODUCT_NAME = "$(TARGET_NAME)";
				SWIFT_EMIT_LOC_STRINGS = YES;
				SWIFT_VERSION = 5.0;
				TARGETED_DEVICE_FAMILY = "1,2";
			};
			name = Release;
		};
		9529C4352AB2EDDE00623654 /* Debug */ = {
			isa = XCBuildConfiguration;
			baseConfigurationReference = 823C6A259A58F80FDE03F28C /* Pods-CDSE-IT ProjectTests.debug.xcconfig */;
			buildSettings = {
				ALWAYS_EMBED_SWIFT_STANDARD_LIBRARIES = YES;
				BUNDLE_LOADER = "$(TEST_HOST)";
				CODE_SIGN_STYLE = Automatic;
				CURRENT_PROJECT_VERSION = 1;
				GENERATE_INFOPLIST_FILE = YES;
				IPHONEOS_DEPLOYMENT_TARGET = 16.2;
				MARKETING_VERSION = 1.0;
				PRODUCT_BUNDLE_IDENTIFIER = "HomeProd.CDSE-IT-ProjectTests";
				PRODUCT_NAME = "$(TARGET_NAME)";
				SWIFT_EMIT_LOC_STRINGS = NO;
				SWIFT_VERSION = 5.0;
				TARGETED_DEVICE_FAMILY = "1,2";
				TEST_HOST = "$(BUILT_PRODUCTS_DIR)/CDSE-IT Project.app/$(BUNDLE_EXECUTABLE_FOLDER_PATH)/CDSE-IT Project";
			};
			name = Debug;
		};
		9529C4362AB2EDDE00623654 /* Release */ = {
			isa = XCBuildConfiguration;
			baseConfigurationReference = F9B346E637F5010FA42B0D25 /* Pods-CDSE-IT ProjectTests.release.xcconfig */;
			buildSettings = {
				ALWAYS_EMBED_SWIFT_STANDARD_LIBRARIES = YES;
				BUNDLE_LOADER = "$(TEST_HOST)";
				CODE_SIGN_STYLE = Automatic;
				CURRENT_PROJECT_VERSION = 1;
				GENERATE_INFOPLIST_FILE = YES;
				IPHONEOS_DEPLOYMENT_TARGET = 16.2;
				MARKETING_VERSION = 1.0;
				PRODUCT_BUNDLE_IDENTIFIER = "HomeProd.CDSE-IT-ProjectTests";
				PRODUCT_NAME = "$(TARGET_NAME)";
				SWIFT_EMIT_LOC_STRINGS = NO;
				SWIFT_VERSION = 5.0;
				TARGETED_DEVICE_FAMILY = "1,2";
				TEST_HOST = "$(BUILT_PRODUCTS_DIR)/CDSE-IT Project.app/$(BUNDLE_EXECUTABLE_FOLDER_PATH)/CDSE-IT Project";
			};
			name = Release;
		};
		9529C4382AB2EDDE00623654 /* Debug */ = {
			isa = XCBuildConfiguration;
			baseConfigurationReference = 6EA0AF8C6FA0061AB0BC702D /* Pods-CDSE-IT Project-CDSE-IT ProjectUITests.debug.xcconfig */;
			buildSettings = {
				ALWAYS_EMBED_SWIFT_STANDARD_LIBRARIES = YES;
				CODE_SIGN_STYLE = Automatic;
				CURRENT_PROJECT_VERSION = 1;
				GENERATE_INFOPLIST_FILE = YES;
				MARKETING_VERSION = 1.0;
				PRODUCT_BUNDLE_IDENTIFIER = "HomeProd.CDSE-IT-ProjectUITests";
				PRODUCT_NAME = "$(TARGET_NAME)";
				SWIFT_EMIT_LOC_STRINGS = NO;
				SWIFT_VERSION = 5.0;
				TARGETED_DEVICE_FAMILY = "1,2";
				TEST_TARGET_NAME = "CDSE-IT Project";
			};
			name = Debug;
		};
		9529C4392AB2EDDE00623654 /* Release */ = {
			isa = XCBuildConfiguration;
			baseConfigurationReference = 9F634074008A3CCFE5708DAF /* Pods-CDSE-IT Project-CDSE-IT ProjectUITests.release.xcconfig */;
			buildSettings = {
				ALWAYS_EMBED_SWIFT_STANDARD_LIBRARIES = YES;
				CODE_SIGN_STYLE = Automatic;
				CURRENT_PROJECT_VERSION = 1;
				GENERATE_INFOPLIST_FILE = YES;
				MARKETING_VERSION = 1.0;
				PRODUCT_BUNDLE_IDENTIFIER = "HomeProd.CDSE-IT-ProjectUITests";
				PRODUCT_NAME = "$(TARGET_NAME)";
				SWIFT_EMIT_LOC_STRINGS = NO;
				SWIFT_VERSION = 5.0;
				TARGETED_DEVICE_FAMILY = "1,2";
				TEST_TARGET_NAME = "CDSE-IT Project";
			};
			name = Release;
		};
/* End XCBuildConfiguration section */

/* Begin XCConfigurationList section */
		9529C3FF2AB2EDDC00623654 /* Build configuration list for PBXProject "CDSE-IT Project" */ = {
			isa = XCConfigurationList;
			buildConfigurations = (
				9529C42F2AB2EDDE00623654 /* Debug */,
				9529C4302AB2EDDE00623654 /* Release */,
			);
			defaultConfigurationIsVisible = 0;
			defaultConfigurationName = Release;
		};
		9529C4312AB2EDDE00623654 /* Build configuration list for PBXNativeTarget "CDSE-IT Project" */ = {
			isa = XCConfigurationList;
			buildConfigurations = (
				9529C4322AB2EDDE00623654 /* Debug */,
				9529C4332AB2EDDE00623654 /* Release */,
			);
			defaultConfigurationIsVisible = 0;
			defaultConfigurationName = Release;
		};
		9529C4342AB2EDDE00623654 /* Build configuration list for PBXNativeTarget "CDSE-IT ProjectTests" */ = {
			isa = XCConfigurationList;
			buildConfigurations = (
				9529C4352AB2EDDE00623654 /* Debug */,
				9529C4362AB2EDDE00623654 /* Release */,
			);
			defaultConfigurationIsVisible = 0;
			defaultConfigurationName = Release;
		};
		9529C4372AB2EDDE00623654 /* Build configuration list for PBXNativeTarget "CDSE-IT ProjectUITests" */ = {
			isa = XCConfigurationList;
			buildConfigurations = (
				9529C4382AB2EDDE00623654 /* Debug */,
				9529C4392AB2EDDE00623654 /* Release */,
			);
			defaultConfigurationIsVisible = 0;
			defaultConfigurationName = Release;
		};
/* End XCConfigurationList section */

/* Begin XCVersionGroup section */
		9529C4102AB2EDDC00623654 /* CDSE_IT_Project.xcdatamodeld */ = {
			isa = XCVersionGroup;
			children = (
				9529C4112AB2EDDC00623654 /* CDSE_IT_Project.xcdatamodel */,
			);
			currentVersion = 9529C4112AB2EDDC00623654 /* CDSE_IT_Project.xcdatamodel */;
			path = CDSE_IT_Project.xcdatamodeld;
			sourceTree = "<group>";
			versionGroupType = wrapper.xcdatamodel;
		};
/* End XCVersionGroup section */
	};
	rootObject = 9529C3FC2AB2EDDC00623654 /* Project object */;
}
